
Microsoft Visual Studio Solution File, Format Version 12.00
# Visual Studio Version 17
VisualStudioVersion = 17.1.32319.34
MinimumVisualStudioVersion = 10.0.40219.1
Project("{FAE04EC0-301F-11D3-BF4B-00C04F79EFBC}") = "E commrec", "E commrec.csproj", "{3E701015-1C03-4489-80E1-9FD7E76829C5}"
EndProject
Global
	GlobalSection(SolutionConfigurationPlatforms) = preSolution
		Debug|Any CPU = Debug|Any CPU
		Release|Any CPU = Release|Any CPU
	EndGlobalSection
	GlobalSection(ProjectConfigurationPlatforms) = postSolution
		{3E701015-1C03-4489-80E1-9FD7E76829C5}.Debug|Any CPU.ActiveCfg = Debug|Any CPU
		{3E701015-1C03-4489-80E1-9FD7E76829C5}.Debug|Any CPU.Build.0 = Debug|Any CPU
		{3E701015-1C03-4489-80E1-9FD7E76829C5}.Release|Any CPU.ActiveCfg = Release|Any CPU
		{3E701015-1C03-4489-80E1-9FD7E76829C5}.Release|Any CPU.Build.0 = Release|Any CPU
	EndGlobalSection
	GlobalSection(SolutionProperties) = preSolution
		HideSolutionNode = FALSE
	EndGlobalSection
	GlobalSection(ExtensibilityGlobals) = postSolution
		SolutionGuid = {AD72D4FC-5FE8-4782-A5C4-17D92FEBE84E}
	EndGlobalSection
EndGlobal
